<?xml version="1.0" encoding="UTF-8" standalone="yes" ?>
<CodeBlocks_project_file>
	<FileVersion major="1" minor="6" />
	<Project>
		<Option title="leetcode" />
		<Option pch_mode="2" />
		<Option compiler="gcc" />
		<Build>
			<Target title="Debug">
				<Option output="bin/Debug/leetcode" prefix_auto="1" extension_auto="1" />
				<Option object_output="obj/Debug/" />
				<Option type="1" />
				<Option compiler="gcc" />
				<Compiler>
					<Add option="-g" />
				</Compiler>
			</Target>
			<Target title="Release">
				<Option output="bin/Release/leetcode" prefix_auto="1" extension_auto="1" />
				<Option object_output="obj/Release/" />
				<Option type="1" />
				<Option compiler="gcc" />
				<Compiler>
					<Add option="-O2" />
				</Compiler>
				<Linker>
					<Add option="-s" />
				</Linker>
			</Target>
		</Build>
		<Compiler>
			<Add option="-Wall" />
			<Add option="-fexceptions" />
		</Compiler>
		<Unit filename="Solution1.cpp" />
		<Unit filename="Solution10.cpp" />
		<Unit filename="Solution100.cpp" />
		<Unit filename="Solution101.cpp" />
		<Unit filename="Solution102.cpp" />
		<Unit filename="Solution103.cpp" />
		<Unit filename="Solution104.cpp" />
		<Unit filename="Solution105.cpp" />
		<Unit filename="Solution106.cpp" />
		<Unit filename="Solution107.cpp" />
		<Unit filename="Solution108.cpp" />
		<Unit filename="Solution109.cpp" />
		<Unit filename="Solution11.cpp" />
		<Unit filename="Solution110.cpp" />
		<Unit filename="Solution111.cpp" />
		<Unit filename="Solution112.cpp" />
		<Unit filename="Solution113.cpp" />
		<Unit filename="Solution114.cpp" />
		<Unit filename="Solution115.cpp" />
		<Unit filename="Solution116.cpp" />
		<Unit filename="Solution117.cpp" />
		<Unit filename="Solution118.cpp" />
		<Unit filename="Solution119.cpp" />
		<Unit filename="Solution12.cpp" />
		<Unit filename="Solution120.cpp" />
		<Unit filename="Solution121.cpp" />
		<Unit filename="Solution122.cpp" />
		<Unit filename="Solution123.cpp" />
		<Unit filename="Solution124.cpp" />
		<Unit filename="Solution125.cpp" />
		<Unit filename="Solution126.cpp" />
		<Unit filename="Solution127.cpp">
			<Option compilerVar="CC" />
		</Unit>
		<Unit filename="Solution128.cpp" />
		<Unit filename="Solution129.cpp" />
		<Unit filename="Solution13.cpp" />
		<Unit filename="Solution130.cpp" />
		<Unit filename="Solution131.cpp" />
		<Unit filename="Solution132.cpp" />
		<Unit filename="Solution133.cpp" />
		<Unit filename="Solution134.cpp" />
		<Unit filename="Solution135.cpp" />
		<Unit filename="Solution136.cpp" />
		<Unit filename="Solution137.cpp" />
		<Unit filename="Solution138.cpp" />
		<Unit filename="Solution139.cpp" />
		<Unit filename="Solution14.cpp" />
		<Unit filename="Solution140.cpp" />
		<Unit filename="Solution141.cpp" />
		<Unit filename="Solution142.cpp" />
		<Unit filename="Solution143.cpp" />
		<Unit filename="Solution144.cpp" />
		<Unit filename="Solution145.cpp" />
		<Unit filename="Solution146.cpp" />
		<Unit filename="Solution147.cpp" />
		<Unit filename="Solution148.cpp" />
		<Unit filename="Solution149.cpp" />
		<Unit filename="Solution15.cpp" />
		<Unit filename="Solution150.cpp" />
		<Unit filename="Solution151.cpp" />
		<Unit filename="Solution152.cpp" />
		<Unit filename="Solution153.cpp" />
		<Unit filename="Solution154.cpp" />
		<Unit filename="Solution155.cpp" />
		<Unit filename="Solution156.cpp" />
		<Unit filename="Solution157.cpp" />
		<Unit filename="Solution158.cpp" />
		<Unit filename="Solution159.cpp" />
		<Unit filename="Solution16.cpp" />
		<Unit filename="Solution160.cpp" />
		<Unit filename="Solution161.cpp" />
		<Unit filename="Solution162.cpp" />
		<Unit filename="Solution163.cpp" />
		<Unit filename="Solution164.cpp" />
		<Unit filename="Solution165.cpp" />
		<Unit filename="Solution166.cpp" />
		<Unit filename="Solution167.cpp" />
		<Unit filename="Solution168.cpp" />
		<Unit filename="Solution169.cpp" />
		<Unit filename="Solution17.cpp" />
		<Unit filename="Solution170.cpp" />
		<Unit filename="Solution171.cpp" />
		<Unit filename="Solution172.cpp" />
		<Unit filename="Solution173.cpp" />
		<Unit filename="Solution174.cpp" />
		<Unit filename="Solution175.cpp" />
		<Unit filename="Solution176.cpp" />
		<Unit filename="Solution177.cpp" />
		<Unit filename="Solution178.cpp" />
		<Unit filename="Solution179.cpp" />
		<Unit filename="Solution18.cpp" />
		<Unit filename="Solution180.cpp" />
		<Unit filename="Solution181.cpp" />
		<Unit filename="Solution182.cpp" />
		<Unit filename="Solution183.cpp" />
		<Unit filename="Solution184.cpp" />
		<Unit filename="Solution185.cpp" />
		<Unit filename="Solution186.cpp" />
		<Unit filename="Solution187.cpp" />
		<Unit filename="Solution188.cpp" />
		<Unit filename="Solution189.cpp" />
		<Unit filename="Solution19.cpp" />
		<Unit filename="Solution190.cpp" />
		<Unit filename="Solution191.cpp" />
		<Unit filename="Solution192.cpp" />
		<Unit filename="Solution193.cpp" />
		<Unit filename="Solution194.cpp" />
		<Unit filename="Solution195.cpp" />
		<Unit filename="Solution196.cpp" />
		<Unit filename="Solution197.cpp" />
		<Unit filename="Solution198.cpp" />
		<Unit filename="Solution199.cpp" />
		<Unit filename="Solution2(-1).cpp" />
		<Unit filename="Solution2.cpp" />
		<Unit filename="Solution20.cpp" />
		<Unit filename="Solution200.cpp" />
		<Unit filename="Solution201.cpp" />
		<Unit filename="Solution202.cpp" />
		<Unit filename="Solution203.cpp" />
		<Unit filename="Solution204.cpp" />
		<Unit filename="Solution205.cpp" />
		<Unit filename="Solution206.cpp" />
		<Unit filename="Solution207.cpp" />
		<Unit filename="Solution208.cpp" />
		<Unit filename="Solution209.cpp" />
		<Unit filename="Solution21.cpp" />
		<Unit filename="Solution210.cpp" />
		<Unit filename="Solution211.cpp" />
		<Unit filename="Solution212.cpp" />
		<Unit filename="Solution213.cpp" />
		<Unit filename="Solution214.cpp" />
		<Unit filename="Solution215.cpp" />
		<Unit filename="Solution216.cpp" />
		<Unit filename="Solution217.cpp" />
		<Unit filename="Solution218.cpp" />
		<Unit filename="Solution219.cpp" />
		<Unit filename="Solution22.cpp" />
		<Unit filename="Solution220.cpp" />
		<Unit filename="Solution221.cpp" />
		<Unit filename="Solution222.cpp" />
		<Unit filename="Solution223.cpp" />
		<Unit filename="Solution224.cpp" />
		<Unit filename="Solution225.cpp" />
		<Unit filename="Solution226.cpp" />
		<Unit filename="Solution227.cpp" />
		<Unit filename="Solution228.cpp" />
		<Unit filename="Solution229.cpp" />
		<Unit filename="Solution23.cpp" />
		<Unit filename="Solution230.cpp" />
		<Unit filename="Solution231.cpp" />
		<Unit filename="Solution232.cpp" />
		<Unit filename="Solution233.cpp" />
		<Unit filename="Solution234.cpp" />
		<Unit filename="Solution235.cpp" />
		<Unit filename="Solution236.cpp" />
		<Unit filename="Solution237.cpp" />
		<Unit filename="Solution238.cpp" />
		<Unit filename="Solution239.cpp" />
		<Unit filename="Solution24.cpp" />
		<Unit filename="Solution240.cpp" />
		<Unit filename="Solution241.cpp" />
		<Unit filename="Solution242.cpp" />
		<Unit filename="Solution243.cpp" />
		<Unit filename="Solution244.cpp" />
		<Unit filename="Solution245.cpp" />
		<Unit filename="Solution246.cpp" />
		<Unit filename="Solution247.cpp" />
		<Unit filename="Solution248.cpp" />
		<Unit filename="Solution249.cpp" />
		<Unit filename="Solution25.cpp" />
		<Unit filename="Solution250.cpp" />
		<Unit filename="Solution251.cpp" />
		<Unit filename="Solution252.cpp" />
		<Unit filename="Solution253.cpp" />
		<Unit filename="Solution254.cpp" />
		<Unit filename="Solution255.cpp" />
		<Unit filename="Solution256.cpp" />
		<Unit filename="Solution257.cpp" />
		<Unit filename="Solution258.cpp" />
		<Unit filename="Solution259.cpp" />
		<Unit filename="Solution26.cpp" />
		<Unit filename="Solution260.cpp" />
		<Unit filename="Solution261.cpp" />
		<Unit filename="Solution262.cpp" />
		<Unit filename="Solution263.cpp" />
		<Unit filename="Solution264.cpp" />
		<Unit filename="Solution265.cpp" />
		<Unit filename="Solution266.cpp" />
		<Unit filename="Solution267.cpp" />
		<Unit filename="Solution268.cpp" />
		<Unit filename="Solution269.cpp" />
		<Unit filename="Solution27.cpp" />
		<Unit filename="Solution270.cpp" />
		<Unit filename="Solution271.cpp" />
		<Unit filename="Solution272.cpp" />
		<Unit filename="Solution273.cpp" />
		<Unit filename="Solution274.cpp" />
		<Unit filename="Solution275.cpp" />
		<Unit filename="Solution276.cpp" />
		<Unit filename="Solution277.cpp" />
		<Unit filename="Solution278.cpp" />
		<Unit filename="Solution279.cpp" />
		<Unit filename="Solution28.cpp" />
		<Unit filename="Solution280.cpp" />
		<Unit filename="Solution281.cpp" />
		<Unit filename="Solution282.cpp" />
		<Unit filename="Solution283.cpp" />
		<Unit filename="Solution284.cpp" />
		<Unit filename="Solution285.cpp" />
		<Unit filename="Solution286.cpp" />
		<Unit filename="Solution287.cpp" />
		<Unit filename="Solution288.cpp" />
		<Unit filename="Solution289.cpp" />
		<Unit filename="Solution29.cpp" />
		<Unit filename="Solution290.cpp" />
		<Unit filename="Solution291.cpp" />
		<Unit filename="Solution292.cpp" />
		<Unit filename="Solution293.cpp" />
		<Unit filename="Solution294.cpp" />
		<Unit filename="Solution295.cpp" />
		<Unit filename="Solution296.cpp" />
		<Unit filename="Solution297.cpp" />
		<Unit filename="Solution298.cpp" />
		<Unit filename="Solution299.cpp" />
		<Unit filename="Solution3.cpp" />
		<Unit filename="Solution30.cpp" />
		<Unit filename="Solution300.cpp" />
		<Unit filename="Solution301.cpp" />
		<Unit filename="Solution302.cpp" />
		<Unit filename="Solution31.cpp" />
		<Unit filename="Solution32.cpp" />
		<Unit filename="Solution33.cpp" />
		<Unit filename="Solution34.cpp" />
		<Unit filename="Solution35.cpp" />
		<Unit filename="Solution36.cpp" />
		<Unit filename="Solution37.cpp" />
		<Unit filename="Solution38.cpp" />
		<Unit filename="Solution39.cpp" />
		<Unit filename="Solution4.cpp" />
		<Unit filename="Solution40.cpp" />
		<Unit filename="Solution41.cpp" />
		<Unit filename="Solution42.cpp" />
		<Unit filename="Solution43.cpp" />
		<Unit filename="Solution44.cpp" />
		<Unit filename="Solution45.cpp" />
		<Unit filename="Solution46.cpp" />
		<Unit filename="Solution47.cpp" />
		<Unit filename="Solution48.cpp" />
		<Unit filename="Solution49.cpp" />
		<Unit filename="Solution5.cpp" />
		<Unit filename="Solution50.cpp" />
		<Unit filename="Solution51.cpp" />
		<Unit filename="Solution52.cpp" />
		<Unit filename="Solution53.cpp" />
		<Unit filename="Solution54.cpp" />
		<Unit filename="Solution55.cpp" />
		<Unit filename="Solution56.cpp" />
		<Unit filename="Solution57.cpp" />
		<Unit filename="Solution58.cpp" />
		<Unit filename="Solution59.cpp" />
		<Unit filename="Solution6.cpp" />
		<Unit filename="Solution60.cpp" />
		<Unit filename="Solution61.cpp" />
		<Unit filename="Solution62.cpp" />
		<Unit filename="Solution63.cpp" />
		<Unit filename="Solution64.cpp" />
		<Unit filename="Solution65.cpp" />
		<Unit filename="Solution66.cpp" />
		<Unit filename="Solution67.cpp" />
		<Unit filename="Solution68.cpp" />
		<Unit filename="Solution69.cpp" />
		<Unit filename="Solution7.cpp" />
		<Unit filename="Solution70.cpp" />
		<Unit filename="Solution71.cpp" />
		<Unit filename="Solution72.cpp" />
		<Unit filename="Solution73.cpp" />
		<Unit filename="Solution74.cpp" />
		<Unit filename="Solution75.cpp" />
		<Unit filename="Solution76.cpp" />
		<Unit filename="Solution77.cpp" />
		<Unit filename="Solution78.cpp" />
		<Unit filename="Solution79.cpp" />
		<Unit filename="Solution8.cpp" />
		<Unit filename="Solution80.cpp" />
		<Unit filename="Solution81.cpp" />
		<Unit filename="Solution82.cpp" />
		<Unit filename="Solution83.cpp" />
		<Unit filename="Solution84.cpp" />
		<Unit filename="Solution85.cpp" />
		<Unit filename="Solution86.cpp" />
		<Unit filename="Solution87.cpp" />
		<Unit filename="Solution88.cpp" />
		<Unit filename="Solution89.cpp" />
		<Unit filename="Solution9.cpp" />
		<Unit filename="Solution90.cpp" />
		<Unit filename="Solution91.cpp" />
		<Unit filename="Solution92.cpp" />
		<Unit filename="Solution93.cpp" />
		<Unit filename="Solution94.cpp" />
		<Unit filename="Solution95.cpp" />
		<Unit filename="Solution96.cpp" />
		<Unit filename="Solution97.cpp" />
		<Unit filename="Solution98.cpp" />
		<Unit filename="Solution99.cpp" />
		<Unit filename="main.cpp" />
		<Extensions>
			<code_completion />
			<envvars />
			<debugger />
			<lib_finder disable_auto="1" />
		</Extensions>
	</Project>
</CodeBlocks_project_file>
